
Microsoft Visual Studio Solution File, Format Version 12.00
# Visual Studio Version 17
VisualStudioVersion = 17.14.36127.28 d17.14
MinimumVisualStudioVersion = 10.0.40219.1
Project("{FAE04EC0-301F-11D3-BF4B-00C04F79EFBC}") = "ProjectAndTaskManagement", "ProjectAndTaskManagement.csproj", "{EBBFD7D1-51B9-BDD9-85B5-9D129ED8C444}"
EndProject
Global
	GlobalSection(SolutionConfigurationPlatforms) = preSolution
		Debug|Any CPU = Debug|Any CPU
		Release|Any CPU = Release|Any CPU
	EndGlobalSection
	GlobalSection(ProjectConfigurationPlatforms) = postSolution
		{EBBFD7D1-51B9-BDD9-85B5-9D129ED8C444}.Debug|Any CPU.ActiveCfg = Debug|Any CPU
		{EBBFD7D1-51B9-BDD9-85B5-9D129ED8C444}.Debug|Any CPU.Build.0 = Debug|Any CPU
		{EBBFD7D1-51B9-BDD9-85B5-9D129ED8C444}.Release|Any CPU.ActiveCfg = Release|Any CPU
		{EBBFD7D1-51B9-BDD9-85B5-9D129ED8C444}.Release|Any CPU.Build.0 = Release|Any CPU
	EndGlobalSection
	GlobalSection(SolutionProperties) = preSolution
		HideSolutionNode = FALSE
	EndGlobalSection
	GlobalSection(ExtensibilityGlobals) = postSolution
		SolutionGuid = {0E9707C5-C61B-4A93-A840-CC07F4C8450A}
	EndGlobalSection
EndGlobal
